
Microsoft Visual Studio Solution File, Format Version 12.00
# Visual Studio 2012
VisualStudioVersion = 12.0.40629.0
MinimumVisualStudioVersion = 10.0.40219.1
Project("{FAE04EC0-301F-11D3-BF4B-00C04F79EFBC}") = "PurposeColor", "PurposeColor\PurposeColor\PurposeColor.csproj", "{1DE1172D-5F4C-46F0-B334-1A87299A6AE1}"
EndProject
Project("{FAE04EC0-301F-11D3-BF4B-00C04F79EFBC}") = "PurposeColor.iOS", "PurposeColor\PurposeColor.iOS\PurposeColor.iOS.csproj", "{533BA09C-A200-48AF-8225-7BAA79172C3F}"
EndProject
Project("{FAE04EC0-301F-11D3-BF4B-00C04F79EFBC}") = "PurposeColor.Droid", "PurposeColor\PurposeColor.Droid\PurposeColor.Droid.csproj", "{4B4D4D2D-C624-41AF-800A-4BC02FD2D078}"
EndProject
Project("{FAE04EC0-301F-11D3-BF4B-00C04F79EFBC}") = "PurposeColor.WinPhone", "PurposeColor\PurposeColor.WinPhone\PurposeColor.WinPhone.csproj", "{19808836-844E-4D49-9E28-CD4B1DE31547}"
EndProject
Global
	GlobalSection(SolutionConfigurationPlatforms) = preSolution
		Ad-Hoc|Any CPU = Ad-Hoc|Any CPU
		Ad-Hoc|ARM = Ad-Hoc|ARM
		Ad-Hoc|iPhone = Ad-Hoc|iPhone
		Ad-Hoc|iPhoneSimulator = Ad-Hoc|iPhoneSimulator
		Ad-Hoc|Mixed Platforms = Ad-Hoc|Mixed Platforms
		Ad-Hoc|x86 = Ad-Hoc|x86
		AppStore|Any CPU = AppStore|Any CPU
		AppStore|ARM = AppStore|ARM
		AppStore|iPhone = AppStore|iPhone
		AppStore|iPhoneSimulator = AppStore|iPhoneSimulator
		AppStore|Mixed Platforms = AppStore|Mixed Platforms
		AppStore|x86 = AppStore|x86
		Debug|Any CPU = Debug|Any CPU
		Debug|ARM = Debug|ARM
		Debug|iPhone = Debug|iPhone
		Debug|iPhoneSimulator = Debug|iPhoneSimulator
		Debug|Mixed Platforms = Debug|Mixed Platforms
		Debug|x86 = Debug|x86
		Release|Any CPU = Release|Any CPU
		Release|ARM = Release|ARM
		Release|iPhone = Release|iPhone
		Release|iPhoneSimulator = Release|iPhoneSimulator
		Release|Mixed Platforms = Release|Mixed Platforms
		Release|x86 = Release|x86
	EndGlobalSection
	GlobalSection(ProjectConfigurationPlatforms) = postSolution
		{19808836-844E-4D49-9E28-CD4B1DE31547}.Ad-Hoc|Any CPU.ActiveCfg = Release|Any CPU
		{19808836-844E-4D49-9E28-CD4B1DE31547}.Ad-Hoc|Any CPU.Build.0 = Release|Any CPU
		{19808836-844E-4D49-9E28-CD4B1DE31547}.Ad-Hoc|Any CPU.Deploy.0 = Release|Any CPU
		{19808836-844E-4D49-9E28-CD4B1DE31547}.Ad-Hoc|ARM.ActiveCfg = Release|ARM
		{19808836-844E-4D49-9E28-CD4B1DE31547}.Ad-Hoc|ARM.Build.0 = Release|ARM
		{19808836-844E-4D49-9E28-CD4B1DE31547}.Ad-Hoc|ARM.Deploy.0 = Release|ARM
		{19808836-844E-4D49-9E28-CD4B1DE31547}.Ad-Hoc|iPhone.ActiveCfg = Release|Any CPU
		{19808836-844E-4D49-9E28-CD4B1DE31547}.Ad-Hoc|iPhoneSimulator.ActiveCfg = Release|Any CPU
		{19808836-844E-4D49-9E28-CD4B1DE31547}.Ad-Hoc|Mixed Platforms.ActiveCfg = Release|x86
		{19808836-844E-4D49-9E28-CD4B1DE31547}.Ad-Hoc|Mixed Platforms.Build.0 = Release|x86
		{19808836-844E-4D49-9E28-CD4B1DE31547}.Ad-Hoc|Mixed Platforms.Deploy.0 = Release|x86
		{19808836-844E-4D49-9E28-CD4B1DE31547}.Ad-Hoc|x86.ActiveCfg = Release|x86
		{19808836-844E-4D49-9E28-CD4B1DE31547}.Ad-Hoc|x86.Build.0 = Release|x86
		{19808836-844E-4D49-9E28-CD4B1DE31547}.Ad-Hoc|x86.Deploy.0 = Release|x86
		{19808836-844E-4D49-9E28-CD4B1DE31547}.AppStore|Any CPU.ActiveCfg = Release|Any CPU
		{19808836-844E-4D49-9E28-CD4B1DE31547}.AppStore|Any CPU.Build.0 = Release|Any CPU
		{19808836-844E-4D49-9E28-CD4B1DE31547}.AppStore|Any CPU.Deploy.0 = Release|Any CPU
		{19808836-844E-4D49-9E28-CD4B1DE31547}.AppStore|ARM.ActiveCfg = Release|ARM
		{19808836-844E-4D49-9E28-CD4B1DE31547}.AppStore|ARM.Build.0 = Release|ARM
		{19808836-844E-4D49-9E28-CD4B1DE31547}.AppStore|ARM.Deploy.0 = Release|ARM
		{19808836-844E-4D49-9E28-CD4B1DE31547}.AppStore|iPhone.ActiveCfg = Release|Any CPU
		{19808836-844E-4D49-9E28-CD4B1DE31547}.AppStore|iPhoneSimulator.ActiveCfg = Release|Any CPU
		{19808836-844E-4D49-9E28-CD4B1DE31547}.AppStore|Mixed Platforms.ActiveCfg = Release|x86
		{19808836-844E-4D49-9E28-CD4B1DE31547}.AppStore|Mixed Platforms.Build.0 = Release|x86
		{19808836-844E-4D49-9E28-CD4B1DE31547}.AppStore|Mixed Platforms.Deploy.0 = Release|x86
		{19808836-844E-4D49-9E28-CD4B1DE31547}.AppStore|x86.ActiveCfg = Release|x86
		{19808836-844E-4D49-9E28-CD4B1DE31547}.AppStore|x86.Build.0 = Release|x86
		{19808836-844E-4D49-9E28-CD4B1DE31547}.AppStore|x86.Deploy.0 = Release|x86
		{19808836-844E-4D49-9E28-CD4B1DE31547}.Debug|Any CPU.ActiveCfg = Debug|Any CPU
		{19808836-844E-4D49-9E28-CD4B1DE31547}.Debug|Any CPU.Build.0 = Debug|Any CPU
		{19808836-844E-4D49-9E28-CD4B1DE31547}.Debug|Any CPU.Deploy.0 = Debug|Any CPU
		{19808836-844E-4D49-9E28-CD4B1DE31547}.Debug|ARM.ActiveCfg = Debug|ARM
		{19808836-844E-4D49-9E28-CD4B1DE31547}.Debug|ARM.Build.0 = Debug|ARM
		{19808836-844E-4D49-9E28-CD4B1DE31547}.Debug|ARM.Deploy.0 = Debug|ARM
		{19808836-844E-4D49-9E28-CD4B1DE31547}.Debug|iPhone.ActiveCfg = Debug|Any CPU
		{19808836-844E-4D49-9E28-CD4B1DE31547}.Debug|iPhoneSimulator.ActiveCfg = Debug|Any CPU
		{19808836-844E-4D49-9E28-CD4B1DE31547}.Debug|Mixed Platforms.ActiveCfg = Debug|x86
		{19808836-844E-4D49-9E28-CD4B1DE31547}.Debug|Mixed Platforms.Build.0 = Debug|x86
		{19808836-844E-4D49-9E28-CD4B1DE31547}.Debug|Mixed Platforms.Deploy.0 = Debug|x86
		{19808836-844E-4D49-9E28-CD4B1DE31547}.Debug|x86.ActiveCfg = Debug|x86
		{19808836-844E-4D49-9E28-CD4B1DE31547}.Debug|x86.Build.0 = Debug|x86
		{19808836-844E-4D49-9E28-CD4B1DE31547}.Debug|x86.Deploy.0 = Debug|x86
		{19808836-844E-4D49-9E28-CD4B1DE31547}.Release|Any CPU.ActiveCfg = Release|Any CPU
		{19808836-844E-4D49-9E28-CD4B1DE31547}.Release|Any CPU.Build.0 = Release|Any CPU
		{19808836-844E-4D49-9E28-CD4B1DE31547}.Release|Any CPU.Deploy.0 = Release|Any CPU
		{19808836-844E-4D49-9E28-CD4B1DE31547}.Release|ARM.ActiveCfg = Release|ARM
		{19808836-844E-4D49-9E28-CD4B1DE31547}.Release|ARM.Build.0 = Release|ARM
		{19808836-844E-4D49-9E28-CD4B1DE31547}.Release|ARM.Deploy.0 = Release|ARM
		{19808836-844E-4D49-9E28-CD4B1DE31547}.Release|iPhone.ActiveCfg = Release|Any CPU
		{19808836-844E-4D49-9E28-CD4B1DE31547}.Release|iPhoneSimulator.ActiveCfg = Release|Any CPU
		{19808836-844E-4D49-9E28-CD4B1DE31547}.Release|Mixed Platforms.ActiveCfg = Release|x86
		{19808836-844E-4D49-9E28-CD4B1DE31547}.Release|Mixed Platforms.Build.0 = Release|x86
		{19808836-844E-4D49-9E28-CD4B1DE31547}.Release|Mixed Platforms.Deploy.0 = Release|x86
		{19808836-844E-4D49-9E28-CD4B1DE31547}.Release|x86.ActiveCfg = Release|x86
		{19808836-844E-4D49-9E28-CD4B1DE31547}.Release|x86.Build.0 = Release|x86
		{19808836-844E-4D49-9E28-CD4B1DE31547}.Release|x86.Deploy.0 = Release|x86
		{1DE1172D-5F4C-46F0-B334-1A87299A6AE1}.Ad-Hoc|Any CPU.ActiveCfg = Release|Any CPU
		{1DE1172D-5F4C-46F0-B334-1A87299A6AE1}.Ad-Hoc|Any CPU.Build.0 = Release|Any CPU
		{1DE1172D-5F4C-46F0-B334-1A87299A6AE1}.Ad-Hoc|ARM.ActiveCfg = Release|Any CPU
		{1DE1172D-5F4C-46F0-B334-1A87299A6AE1}.Ad-Hoc|iPhone.ActiveCfg = Release|Any CPU
		{1DE1172D-5F4C-46F0-B334-1A87299A6AE1}.Ad-Hoc|iPhoneSimulator.ActiveCfg = Release|Any CPU
		{1DE1172D-5F4C-46F0-B334-1A87299A6AE1}.Ad-Hoc|Mixed Platforms.ActiveCfg = Release|Any CPU
		{1DE1172D-5F4C-46F0-B334-1A87299A6AE1}.Ad-Hoc|Mixed Platforms.Build.0 = Release|Any CPU
		{1DE1172D-5F4C-46F0-B334-1A87299A6AE1}.Ad-Hoc|x86.ActiveCfg = Release|Any CPU
		{1DE1172D-5F4C-46F0-B334-1A87299A6AE1}.AppStore|Any CPU.ActiveCfg = Release|Any CPU
		{1DE1172D-5F4C-46F0-B334-1A87299A6AE1}.AppStore|Any CPU.Build.0 = Release|Any CPU
		{1DE1172D-5F4C-46F0-B334-1A87299A6AE1}.AppStore|ARM.ActiveCfg = Release|Any CPU
		{1DE1172D-5F4C-46F0-B334-1A87299A6AE1}.AppStore|iPhone.ActiveCfg = Release|Any CPU
		{1DE1172D-5F4C-46F0-B334-1A87299A6AE1}.AppStore|iPhoneSimulator.ActiveCfg = Release|Any CPU
		{1DE1172D-5F4C-46F0-B334-1A87299A6AE1}.AppStore|Mixed Platforms.ActiveCfg = Release|Any CPU
		{1DE1172D-5F4C-46F0-B334-1A87299A6AE1}.AppStore|Mixed Platforms.Build.0 = Release|Any CPU
		{1DE1172D-5F4C-46F0-B334-1A87299A6AE1}.AppStore|x86.ActiveCfg = Release|Any CPU
		{1DE1172D-5F4C-46F0-B334-1A87299A6AE1}.Debug|Any CPU.ActiveCfg = Debug|Any CPU
		{1DE1172D-5F4C-46F0-B334-1A87299A6AE1}.Debug|Any CPU.Build.0 = Debug|Any CPU
		{1DE1172D-5F4C-46F0-B334-1A87299A6AE1}.Debug|ARM.ActiveCfg = Debug|Any CPU
		{1DE1172D-5F4C-46F0-B334-1A87299A6AE1}.Debug|iPhone.ActiveCfg = Debug|Any CPU
		{1DE1172D-5F4C-46F0-B334-1A87299A6AE1}.Debug|iPhoneSimulator.ActiveCfg = Debug|Any CPU
		{1DE1172D-5F4C-46F0-B334-1A87299A6AE1}.Debug|Mixed Platforms.ActiveCfg = Debug|Any CPU
		{1DE1172D-5F4C-46F0-B334-1A87299A6AE1}.Debug|Mixed Platforms.Build.0 = Debug|Any CPU
		{1DE1172D-5F4C-46F0-B334-1A87299A6AE1}.Debug|x86.ActiveCfg = Debug|Any CPU
		{1DE1172D-5F4C-46F0-B334-1A87299A6AE1}.Release|Any CPU.ActiveCfg = Release|Any CPU
		{1DE1172D-5F4C-46F0-B334-1A87299A6AE1}.Release|Any CPU.Build.0 = Release|Any CPU
		{1DE1172D-5F4C-46F0-B334-1A87299A6AE1}.Release|ARM.ActiveCfg = Release|Any CPU
		{1DE1172D-5F4C-46F0-B334-1A87299A6AE1}.Release|iPhone.ActiveCfg = Release|Any CPU
		{1DE1172D-5F4C-46F0-B334-1A87299A6AE1}.Release|iPhoneSimulator.ActiveCfg = Release|Any CPU
		{1DE1172D-5F4C-46F0-B334-1A87299A6AE1}.Release|Mixed Platforms.ActiveCfg = Release|Any CPU
		{1DE1172D-5F4C-46F0-B334-1A87299A6AE1}.Release|Mixed Platforms.Build.0 = Release|Any CPU
		{1DE1172D-5F4C-46F0-B334-1A87299A6AE1}.Release|x86.ActiveCfg = Release|Any CPU
		{4B4D4D2D-C624-41AF-800A-4BC02FD2D078}.Ad-Hoc|Any CPU.ActiveCfg = Release|Any CPU
		{4B4D4D2D-C624-41AF-800A-4BC02FD2D078}.Ad-Hoc|Any CPU.Build.0 = Release|Any CPU
		{4B4D4D2D-C624-41AF-800A-4BC02FD2D078}.Ad-Hoc|Any CPU.Deploy.0 = Release|Any CPU
		{4B4D4D2D-C624-41AF-800A-4BC02FD2D078}.Ad-Hoc|ARM.ActiveCfg = Release|Any CPU
		{4B4D4D2D-C624-41AF-800A-4BC02FD2D078}.Ad-Hoc|iPhone.ActiveCfg = Release|Any CPU
		{4B4D4D2D-C624-41AF-800A-4BC02FD2D078}.Ad-Hoc|iPhoneSimulator.ActiveCfg = Release|Any CPU
		{4B4D4D2D-C624-41AF-800A-4BC02FD2D078}.Ad-Hoc|Mixed Platforms.ActiveCfg = Release|Any CPU
		{4B4D4D2D-C624-41AF-800A-4BC02FD2D078}.Ad-Hoc|Mixed Platforms.Build.0 = Release|Any CPU
		{4B4D4D2D-C624-41AF-800A-4BC02FD2D078}.Ad-Hoc|Mixed Platforms.Deploy.0 = Release|Any CPU
		{4B4D4D2D-C624-41AF-800A-4BC02FD2D078}.Ad-Hoc|x86.ActiveCfg = Release|Any CPU
		{4B4D4D2D-C624-41AF-800A-4BC02FD2D078}.AppStore|Any CPU.ActiveCfg = Release|Any CPU
		{4B4D4D2D-C624-41AF-800A-4BC02FD2D078}.AppStore|Any CPU.Build.0 = Release|Any CPU
		{4B4D4D2D-C624-41AF-800A-4BC02FD2D078}.AppStore|Any CPU.Deploy.0 = Release|Any CPU
		{4B4D4D2D-C624-41AF-800A-4BC02FD2D078}.AppStore|ARM.ActiveCfg = Release|Any CPU
		{4B4D4D2D-C624-41AF-800A-4BC02FD2D078}.AppStore|iPhone.ActiveCfg = Release|Any CPU
		{4B4D4D2D-C624-41AF-800A-4BC02FD2D078}.AppStore|iPhoneSimulator.ActiveCfg = Release|Any CPU
		{4B4D4D2D-C624-41AF-800A-4BC02FD2D078}.AppStore|Mixed Platforms.ActiveCfg = Release|Any CPU
		{4B4D4D2D-C624-41AF-800A-4BC02FD2D078}.AppStore|Mixed Platforms.Build.0 = Release|Any CPU
		{4B4D4D2D-C624-41AF-800A-4BC02FD2D078}.AppStore|Mixed Platforms.Deploy.0 = Release|Any CPU
		{4B4D4D2D-C624-41AF-800A-4BC02FD2D078}.AppStore|x86.ActiveCfg = Release|Any CPU
		{4B4D4D2D-C624-41AF-800A-4BC02FD2D078}.Debug|Any CPU.ActiveCfg = Debug|Any CPU
		{4B4D4D2D-C624-41AF-800A-4BC02FD2D078}.Debug|Any CPU.Build.0 = Debug|Any CPU
		{4B4D4D2D-C624-41AF-800A-4BC02FD2D078}.Debug|Any CPU.Deploy.0 = Debug|Any CPU
		{4B4D4D2D-C624-41AF-800A-4BC02FD2D078}.Debug|ARM.ActiveCfg = Debug|Any CPU
		{4B4D4D2D-C624-41AF-800A-4BC02FD2D078}.Debug|iPhone.ActiveCfg = Debug|Any CPU
		{4B4D4D2D-C624-41AF-800A-4BC02FD2D078}.Debug|iPhoneSimulator.ActiveCfg = Debug|Any CPU
		{4B4D4D2D-C624-41AF-800A-4BC02FD2D078}.Debug|Mixed Platforms.ActiveCfg = Debug|Any CPU
		{4B4D4D2D-C624-41AF-800A-4BC02FD2D078}.Debug|Mixed Platforms.Build.0 = Debug|Any CPU
		{4B4D4D2D-C624-41AF-800A-4BC02FD2D078}.Debug|Mixed Platforms.Deploy.0 = Debug|Any CPU
		{4B4D4D2D-C624-41AF-800A-4BC02FD2D078}.Debug|x86.ActiveCfg = Debug|Any CPU
		{4B4D4D2D-C624-41AF-800A-4BC02FD2D078}.Release|Any CPU.ActiveCfg = Release|Any CPU
		{4B4D4D2D-C624-41AF-800A-4BC02FD2D078}.Release|Any CPU.Build.0 = Release|Any CPU
		{4B4D4D2D-C624-41AF-800A-4BC02FD2D078}.Release|Any CPU.Deploy.0 = Release|Any CPU
		{4B4D4D2D-C624-41AF-800A-4BC02FD2D078}.Release|ARM.ActiveCfg = Release|Any CPU
		{4B4D4D2D-C624-41AF-800A-4BC02FD2D078}.Release|iPhone.ActiveCfg = Release|Any CPU
		{4B4D4D2D-C624-41AF-800A-4BC02FD2D078}.Release|iPhoneSimulator.ActiveCfg = Release|Any CPU
		{4B4D4D2D-C624-41AF-800A-4BC02FD2D078}.Release|Mixed Platforms.ActiveCfg = Release|Any CPU
		{4B4D4D2D-C624-41AF-800A-4BC02FD2D078}.Release|Mixed Platforms.Build.0 = Release|Any CPU
		{4B4D4D2D-C624-41AF-800A-4BC02FD2D078}.Release|Mixed Platforms.Deploy.0 = Release|Any CPU
		{4B4D4D2D-C624-41AF-800A-4BC02FD2D078}.Release|x86.ActiveCfg = Release|Any CPU
		{533BA09C-A200-48AF-8225-7BAA79172C3F}.Ad-Hoc|Any CPU.ActiveCfg = Ad-Hoc|iPhone
		{533BA09C-A200-48AF-8225-7BAA79172C3F}.Ad-Hoc|ARM.ActiveCfg = Ad-Hoc|iPhone
		{533BA09C-A200-48AF-8225-7BAA79172C3F}.Ad-Hoc|iPhone.ActiveCfg = Ad-Hoc|iPhone
		{533BA09C-A200-48AF-8225-7BAA79172C3F}.Ad-Hoc|iPhone.Build.0 = Ad-Hoc|iPhone
		{533BA09C-A200-48AF-8225-7BAA79172C3F}.Ad-Hoc|iPhoneSimulator.ActiveCfg = Ad-Hoc|iPhoneSimulator
		{533BA09C-A200-48AF-8225-7BAA79172C3F}.Ad-Hoc|iPhoneSimulator.Build.0 = Ad-Hoc|iPhoneSimulator
		{533BA09C-A200-48AF-8225-7BAA79172C3F}.Ad-Hoc|Mixed Platforms.ActiveCfg = Ad-Hoc|iPhone
		{533BA09C-A200-48AF-8225-7BAA79172C3F}.Ad-Hoc|Mixed Platforms.Build.0 = Ad-Hoc|iPhone
		{533BA09C-A200-48AF-8225-7BAA79172C3F}.Ad-Hoc|x86.ActiveCfg = Ad-Hoc|iPhone
		{533BA09C-A200-48AF-8225-7BAA79172C3F}.AppStore|Any CPU.ActiveCfg = AppStore|iPhone
		{533BA09C-A200-48AF-8225-7BAA79172C3F}.AppStore|ARM.ActiveCfg = AppStore|iPhone
		{533BA09C-A200-48AF-8225-7BAA79172C3F}.AppStore|iPhone.ActiveCfg = AppStore|iPhone
		{533BA09C-A200-48AF-8225-7BAA79172C3F}.AppStore|iPhone.Build.0 = AppStore|iPhone
		{533BA09C-A200-48AF-8225-7BAA79172C3F}.AppStore|iPhoneSimulator.ActiveCfg = AppStore|iPhoneSimulator
		{533BA09C-A200-48AF-8225-7BAA79172C3F}.AppStore|iPhoneSimulator.Build.0 = AppStore|iPhoneSimulator
		{533BA09C-A200-48AF-8225-7BAA79172C3F}.AppStore|Mixed Platforms.ActiveCfg = AppStore|iPhone
		{533BA09C-A200-48AF-8225-7BAA79172C3F}.AppStore|Mixed Platforms.Build.0 = AppStore|iPhone
		{533BA09C-A200-48AF-8225-7BAA79172C3F}.AppStore|x86.ActiveCfg = AppStore|iPhone
		{533BA09C-A200-48AF-8225-7BAA79172C3F}.Debug|Any CPU.ActiveCfg = Debug|iPhone
		{533BA09C-A200-48AF-8225-7BAA79172C3F}.Debug|ARM.ActiveCfg = Debug|iPhone
		{533BA09C-A200-48AF-8225-7BAA79172C3F}.Debug|iPhone.ActiveCfg = Debug|iPhone
		{533BA09C-A200-48AF-8225-7BAA79172C3F}.Debug|iPhone.Build.0 = Debug|iPhone
		{533BA09C-A200-48AF-8225-7BAA79172C3F}.Debug|iPhoneSimulator.ActiveCfg = Debug|iPhoneSimulator
		{533BA09C-A200-48AF-8225-7BAA79172C3F}.Debug|iPhoneSimulator.Build.0 = Debug|iPhoneSimulator
		{533BA09C-A200-48AF-8225-7BAA79172C3F}.Debug|Mixed Platforms.ActiveCfg = Debug|iPhone
		{533BA09C-A200-48AF-8225-7BAA79172C3F}.Debug|Mixed Platforms.Build.0 = Debug|iPhone
		{533BA09C-A200-48AF-8225-7BAA79172C3F}.Debug|x86.ActiveCfg = Debug|iPhone
		{533BA09C-A200-48AF-8225-7BAA79172C3F}.Release|Any CPU.ActiveCfg = Release|iPhone
		{533BA09C-A200-48AF-8225-7BAA79172C3F}.Release|ARM.ActiveCfg = Release|iPhone
		{533BA09C-A200-48AF-8225-7BAA79172C3F}.Release|iPhone.ActiveCfg = Release|iPhone
		{533BA09C-A200-48AF-8225-7BAA79172C3F}.Release|iPhone.Build.0 = Release|iPhone
		{533BA09C-A200-48AF-8225-7BAA79172C3F}.Release|iPhoneSimulator.ActiveCfg = Release|iPhoneSimulator
		{533BA09C-A200-48AF-8225-7BAA79172C3F}.Release|iPhoneSimulator.Build.0 = Release|iPhoneSimulator
		{533BA09C-A200-48AF-8225-7BAA79172C3F}.Release|Mixed Platforms.ActiveCfg = Release|iPhone
		{533BA09C-A200-48AF-8225-7BAA79172C3F}.Release|Mixed Platforms.Build.0 = Release|iPhone
		{533BA09C-A200-48AF-8225-7BAA79172C3F}.Release|x86.ActiveCfg = Release|iPhone
	EndGlobalSection
	GlobalSection(SolutionProperties) = preSolution
		HideSolutionNode = FALSE
	EndGlobalSection
EndGlobal
